lockfileVersion: '9.0'

settings:
  autoInstallPeers: true
  excludeLinksFromLockfile: false

importers:

  .:
    dependencies:
      '@novnc/novnc':
        specifier: 1.7.0
        version: 1.7.0

packages:

  '@novnc/novnc@1.7.0':
    resolution: {integrity: sha512-ucEJOx4T2avIRCleodk7YobZj5O2Ga2AeLfQ69A/yjG9HHba2+PDgwSkN3FttrmG+70ZGx21sElNFouK13RzyA==}

snapshots:

  '@novnc/novnc@1.7.0': {}
